
Microsoft Visual Studio Solution File, Format Version 12.00
# Visual Studio Version 17
VisualStudioVersion = 17.9.34728.123
MinimumVisualStudioVersion = 10.0.40219.1
Project("{FAE04EC0-301F-11D3-BF4B-00C04F79EFBC}") = "Restaurant_API_Klas", "Restaurant_API_Klas\Restaurant_API_Klas.csproj", "{815ED089-15BE-4FA6-96C1-9D5901AD578A}"
EndProject
Global
	GlobalSection(SolutionConfigurationPlatforms) = preSolution
		Debug|Any CPU = Debug|Any CPU
		Release|Any CPU = Release|Any CPU
	EndGlobalSection
	GlobalSection(ProjectConfigurationPlatforms) = postSolution
		{815ED089-15BE-4FA6-96C1-9D5901AD578A}.Debug|Any CPU.ActiveCfg = Debug|Any CPU
		{815ED089-15BE-4FA6-96C1-9D5901AD578A}.Debug|Any CPU.Build.0 = Debug|Any CPU
		{815ED089-15BE-4FA6-96C1-9D5901AD578A}.Release|Any CPU.ActiveCfg = Release|Any CPU
		{815ED089-15BE-4FA6-96C1-9D5901AD578A}.Release|Any CPU.Build.0 = Release|Any CPU
	EndGlobalSection
	GlobalSection(SolutionProperties) = preSolution
		HideSolutionNode = FALSE
	EndGlobalSection
	GlobalSection(ExtensibilityGlobals) = postSolution
		SolutionGuid = {19BAE3EB-5F6F-4B68-9A1B-749862BAF278}
	EndGlobalSection
EndGlobal
